// !$*UTF8*$!
{
	archiveVersion = 1;
	classes = {
	};
	objectVersion = 50;
	objects = {

/* Begin PBXBuildFile section */
		060EDF16261CDB7700294A11 /* AppDelegate.swift in Sources */ = {isa = PBXBuildFile; fileRef = 060EDF15261CDB7700294A11 /* AppDelegate.swift */; };
		060EDF18261CDB7700294A11 /* SceneDelegate.swift in Sources */ = {isa = PBXBuildFile; fileRef = 060EDF17261CDB7700294A11 /* SceneDelegate.swift */; };
		060EDF1A261CDB7700294A11 /* ConcantrationGameViewController.swift in Sources */ = {isa = PBXBuildFile; fileRef = 060EDF19261CDB7700294A11 /* ConcantrationGameViewController.swift */; };
		060EDF1F261CDB7900294A11 /* Assets.xcassets in Resources */ = {isa = PBXBuildFile; fileRef = 060EDF1E261CDB7900294A11 /* Assets.xcassets */; };
		060EDF22261CDB7900294A11 /* LaunchScreen.storyboard in Resources */ = {isa = PBXBuildFile; fileRef = 060EDF20261CDB7900294A11 /* LaunchScreen.storyboard */; };
		063CE3D6261F82560023A192 /* Concentration.swift in Sources */ = {isa = PBXBuildFile; fileRef = 063CE3D5261F82560023A192 /* Concentration.swift */; };
		063CE3D9261F83240023A192 /* Card.swift in Sources */ = {isa = PBXBuildFile; fileRef = 063CE3D8261F83240023A192 /* Card.swift */; };
		063CE3DC262209CB0023A192 /* Theme.swift in Sources */ = {isa = PBXBuildFile; fileRef = 063CE3DB262209CB0023A192 /* Theme.swift */; };
		063ED6A3262C92660054DBEA /* Main.storyboard in Resources */ = {isa = PBXBuildFile; fileRef = 063ED6A2262C92660054DBEA /* Main.storyboard */; };
		06C8CE88262E3BAA003AE31C /* Int+Extension.swift in Sources */ = {isa = PBXBuildFile; fileRef = 06C8CE87262E3BAA003AE31C /* Int+Extension.swift */; };
		06C8CE8B262E3BCF003AE31C /* Collection+Extension.swift in Sources */ = {isa = PBXBuildFile; fileRef = 06C8CE8A262E3BCF003AE31C /* Collection+Extension.swift */; };
		06C8CE8F262E42C5003AE31C /* ConcentrationGameProtocol.swift in Sources */ = {isa = PBXBuildFile; fileRef = 06C8CE8E262E42C5003AE31C /* ConcentrationGameProtocol.swift */; };
/* End PBXBuildFile section */

/* Begin PBXFileReference section */
		060EDF12261CDB7700294A11 /* StanfordConcentrationGame.app */ = {isa = PBXFileReference; explicitFileType = wrapper.application; includeInIndex = 0; path = StanfordConcentrationGame.app; sourceTree = BUILT_PRODUCTS_DIR; };
		060EDF15261CDB7700294A11 /* AppDelegate.swift */ = {isa = PBXFileReference; lastKnownFileType = sourcecode.swift; path = AppDelegate.swift; sourceTree = "<group>"; };
		060EDF17261CDB7700294A11 /* SceneDelegate.swift */ = {isa = PBXFileReference; lastKnownFileType = sourcecode.swift; path = SceneDelegate.swift; sourceTree = "<group>"; };
		060EDF19261CDB7700294A11 /* ConcantrationGameViewController.swift */ = {isa = PBXFileReference; lastKnownFileType = sourcecode.swift; path = ConcantrationGameViewController.swift; sourceTree = "<group>"; };
		060EDF1E261CDB7900294A11 /* Assets.xcassets */ = {isa = PBXFileReference; lastKnownFileType = folder.assetcatalog; path = Assets.xcassets; sourceTree = "<group>"; };
		060EDF21261CDB7900294A11 /* Base */ = {isa = PBXFileReference; lastKnownFileType = file.storyboard; name = Base; path = Base.lproj/LaunchScreen.storyboard; sourceTree = "<group>"; };
		060EDF23261CDB7900294A11 /* Info.plist */ = {isa = PBXFileReference; lastKnownFileType = text.plist.xml; path = Info.plist; sourceTree = "<group>"; };
		063CE3D5261F82560023A192 /* Concentration.swift */ = {isa = PBXFileReference; lastKnownFileType = sourcecode.swift; path = Concentration.swift; sourceTree = "<group>"; };
		063CE3D8261F83240023A192 /* Card.swift */ = {isa = PBXFileReference; lastKnownFileType = sourcecode.swift; path = Card.swift; sourceTree = "<group>"; };
		063CE3DB262209CB0023A192 /* Theme.swift */ = {isa = PBXFileReference; lastKnownFileType = sourcecode.swift; path = Theme.swift; sourceTree = "<group>"; };
		063ED6A2262C92660054DBEA /* Main.storyboard */ = {isa = PBXFileReference; lastKnownFileType = file.storyboard; path = Main.storyboard; sourceTree = SOURCE_ROOT; };
		06C8CE87262E3BAA003AE31C /* Int+Extension.swift */ = {isa = PBXFileReference; lastKnownFileType = sourcecode.swift; path = "Int+Extension.swift"; sourceTree = "<group>"; };
		06C8CE8A262E3BCF003AE31C /* Collection+Extension.swift */ = {isa = PBXFileReference; lastKnownFileType = sourcecode.swift; path = "Collection+Extension.swift"; sourceTree = "<group>"; };
		06C8CE8E262E42C5003AE31C /* ConcentrationGameProtocol.swift */ = {isa = PBXFileReference; lastKnownFileType = sourcecode.swift; path = ConcentrationGameProtocol.swift; sourceTree = "<group>"; };
/* End PBXFileReference section */

/* Begin PBXFrameworksBuildPhase section */
		060EDF0F261CDB7700294A11 /* Frameworks */ = {
			isa = PBXFrameworksBuildPhase;
			buildActionMask = 2147483647;
			files = (
			);
			runOnlyForDeploymentPostprocessing = 0;
		};
/* End PBXFrameworksBuildPhase section */

/* Begin PBXGroup section */
		060EDF09261CDB7700294A11 = {
			isa = PBXGroup;
			children = (
				060EDF14261CDB7700294A11 /* StanfordConcentrationGame */,
				060EDF13261CDB7700294A11 /* Products */,
			);
			sourceTree = "<group>";
		};
		060EDF13261CDB7700294A11 /* Products */ = {
			isa = PBXGroup;
			children = (
				060EDF12261CDB7700294A11 /* StanfordConcentrationGame.app */,
			);
			name = Products;
			sourceTree = "<group>";
		};
		060EDF14261CDB7700294A11 /* StanfordConcentrationGame */ = {
			isa = PBXGroup;
			children = (
				063ED6A2262C92660054DBEA /* Main.storyboard */,
				060EDF19261CDB7700294A11 /* ConcantrationGameViewController.swift */,
				063CE3D5261F82560023A192 /* Concentration.swift */,
				06C8CE8E262E42C5003AE31C /* ConcentrationGameProtocol.swift */,
				063CE3D8261F83240023A192 /* Card.swift */,
				06C8CE8A262E3BCF003AE31C /* Collection+Extension.swift */,
				06C8CE87262E3BAA003AE31C /* Int+Extension.swift */,
				063CE3DB262209CB0023A192 /* Theme.swift */,
				060EDF2A261CDBD100294A11 /* Supporting Files */,
				060EDF23261CDB7900294A11 /* Info.plist */,
			);
			path = StanfordConcentrationGame;
			sourceTree = "<group>";
		};
		060EDF2A261CDBD100294A11 /* Supporting Files */ = {
			isa = PBXGroup;
			children = (
				060EDF17261CDB7700294A11 /* SceneDelegate.swift */,
				060EDF15261CDB7700294A11 /* AppDelegate.swift */,
				060EDF1E261CDB7900294A11 /* Assets.xcassets */,
				060EDF20261CDB7900294A11 /* LaunchScreen.storyboard */,
			);
			path = "Supporting Files";
			sourceTree = "<group>";
		};
/* End PBXGroup section */

/* Begin PBXNativeTarget section */
		060EDF11261CDB7700294A11 /* StanfordConcentrationGame */ = {
			isa = PBXNativeTarget;
			buildConfigurationList = 060EDF26261CDB7900294A11 /* Build configuration list for PBXNativeTarget "StanfordConcentrationGame" */;
			buildPhases = (
				060EDF0E261CDB7700294A11 /* Sources */,
				060EDF0F261CDB7700294A11 /* Frameworks */,
				060EDF10261CDB7700294A11 /* Resources */,
			);
			buildRules = (
			);
			dependencies = (
			);
			name = StanfordConcentrationGame;
			productName = StanfordConcentrationGame;
			productReference = 060EDF12261CDB7700294A11 /* StanfordConcentrationGame.app */;
			productType = "com.apple.product-type.application";
		};
/* End PBXNativeTarget section */

/* Begin PBXProject section */
		060EDF0A261CDB7700294A11 /* Project object */ = {
			isa = PBXProject;
			attributes = {
				LastSwiftUpdateCheck = 1240;
				LastUpgradeCheck = 1240;
				TargetAttributes = {
					060EDF11261CDB7700294A11 = {
						CreatedOnToolsVersion = 12.4;
					};
				};
			};
			buildConfigurationList = 060EDF0D261CDB7700294A11 /* Build configuration list for PBXProject "StanfordConcentrationGame" */;
			compatibilityVersion = "Xcode 9.3";
			developmentRegion = en;
			hasScannedForEncodings = 0;
			knownRegions = (
				en,
				Base,
			);
			mainGroup = 060EDF09261CDB7700294A11;
			productRefGroup = 060EDF13261CDB7700294A11 /* Products */;
			projectDirPath = "";
			projectRoot = "";
			targets = (
				060EDF11261CDB7700294A11 /* StanfordConcentrationGame */,
			);
		};
/* End PBXProject section */

/* Begin PBXResourcesBuildPhase section */
		060EDF10261CDB7700294A11 /* Resources */ = {
			isa = PBXResourcesBuildPhase;
			buildActionMask = 2147483647;
			files = (
				063ED6A3262C92660054DBEA /* Main.storyboard in Resources */,
				060EDF22261CDB7900294A11 /* LaunchScreen.storyboard in Resources */,
				060EDF1F261CDB7900294A11 /* Assets.xcassets in Resources */,
			);
			runOnlyForDeploymentPostprocessing = 0;
		};
/* End PBXResourcesBuildPhase section */

/* Begin PBXSourcesBuildPhase section */
		060EDF0E261CDB7700294A11 /* Sources */ = {
			isa = PBXSourcesBuildPhase;
			buildActionMask = 2147483647;
			files = (
				060EDF1A261CDB7700294A11 /* ConcantrationGameViewController.swift in Sources */,
				06C8CE88262E3BAA003AE31C /* Int+Extension.swift in Sources */,
				063CE3D6261F82560023A192 /* Concentration.swift in Sources */,
				063CE3D9261F83240023A192 /* Card.swift in Sources */,
				063CE3DC262209CB0023A192 /* Theme.swift in Sources */,
				06C8CE8F262E42C5003AE31C /* ConcentrationGameProtocol.swift in Sources */,
				060EDF16261CDB7700294A11 /* AppDelegate.swift in Sources */,
				060EDF18261CDB7700294A11 /* SceneDelegate.swift in Sources */,
				06C8CE8B262E3BCF003AE31C /* Collection+Extension.swift in Sources */,
			);
			runOnlyForDeploymentPostprocessing = 0;
		};
/* End PBXSourcesBuildPhase section */

/* Begin PBXVariantGroup section */
		060EDF20261CDB7900294A11 /* LaunchScreen.storyboard */ = {
			isa = PBXVariantGroup;
			children = (
				060EDF21261CDB7900294A11 /* Base */,
			);
			name = LaunchScreen.storyboard;
			sourceTree = "<group>";
		};
/* End PBXVariantGroup section */

/* Begin XCBuildConfiguration section */
		060EDF24261CDB7900294A11 /* Debug */ = {
			isa = XCBuildConfiguration;
			buildSettings = {
				ALWAYS_SEARCH_USER_PATHS = NO;
				CLANG_ANALYZER_NONNULL = YES;
				CLANG_ANALYZER_NUMBER_OBJECT_CONVERSION = YES_AGGRESSIVE;
				CLANG_CXX_LANGUAGE_STANDARD = "gnu++14";
				CLANG_CXX_LIBRARY = "libc++";
				CLANG_ENABLE_MODULES = YES;
				CLANG_ENABLE_OBJC_ARC = YES;
				CLANG_ENABLE_OBJC_WEAK = YES;
				CLANG_WARN_BLOCK_CAPTURE_AUTORELEASING = YES;
				CLANG_WARN_BOOL_CONVERSION = YES;
				CLANG_WARN_COMMA = YES;
				CLANG_WARN_CONSTANT_CONVERSION = YES;
				CLANG_WARN_DEPRECATED_OBJC_IMPLEMENTATIONS = YES;
				CLANG_WARN_DIRECT_OBJC_ISA_USAGE = YES_ERROR;
				CLANG_WARN_DOCUMENTATION_COMMENTS = YES;
				CLANG_WARN_EMPTY_BODY = YES;
				CLANG_WARN_ENUM_CONVERSION = YES;
				CLANG_WARN_INFINITE_RECURSION = YES;
				CLANG_WARN_INT_CONVERSION = YES;
				CLANG_WARN_NON_LITERAL_NULL_CONVERSION = YES;
				CLANG_WARN_OBJC_IMPLICIT_RETAIN_SELF = YES;
				CLANG_WARN_OBJC_LITERAL_CONVERSION = YES;
				CLANG_WARN_OBJC_ROOT_CLASS = YES_ERROR;
				CLANG_WARN_QUOTED_INCLUDE_IN_FRAMEWORK_HEADER = YES;
				CLANG_WARN_RANGE_LOOP_ANALYSIS = YES;
				CLANG_WARN_STRICT_PROTOTYPES = YES;
				CLANG_WARN_SUSPICIOUS_MOVE = YES;
				CLANG_WARN_UNGUARDED_AVAILABILITY = YES_AGGRESSIVE;
				CLANG_WARN_UNREACHABLE_CODE = YES;
				CLANG_WARN__DUPLICATE_METHOD_MATCH = YES;
				COPY_PHASE_STRIP = NO;
				DEBUG_INFORMATION_FORMAT = dwarf;
				ENABLE_STRICT_OBJC_MSGSEND = YES;
				ENABLE_TESTABILITY = YES;
				GCC_C_LANGUAGE_STANDARD = gnu11;
				GCC_DYNAMIC_NO_PIC = NO;
				GCC_NO_COMMON_BLOCKS = YES;
				GCC_OPTIMIZATION_LEVEL = 0;
				GCC_PREPROCESSOR_DEFINITIONS = (
					"DEBUG=1",
					"$(inherited)",
				);
				GCC_WARN_64_TO_32_BIT_CONVERSION = YES;
				GCC_WARN_ABOUT_RETURN_TYPE = YES_ERROR;
				GCC_WARN_UNDECLARED_SELECTOR = YES;
				GCC_WARN_UNINITIALIZED_AUTOS = YES_AGGRESSIVE;
				GCC_WARN_UNUSED_FUNCTION = YES;
				GCC_WARN_UNUSED_VARIABLE = YES;
				IPHONEOS_DEPLOYMENT_TARGET = 14.4;
				MTL_ENABLE_DEBUG_INFO = INCLUDE_SOURCE;
				MTL_FAST_MATH = YES;
				ONLY_ACTIVE_ARCH = YES;
				SDKROOT = iphoneos;
				SWIFT_ACTIVE_COMPILATION_CONDITIONS = DEBUG;
				SWIFT_OPTIMIZATION_LEVEL = "-Onone";
			};
			name = Debug;
		};
		060EDF25261CDB7900294A11 /* Release */ = {
			isa = XCBuildConfiguration;
			buildSettings = {
				ALWAYS_SEARCH_USER_PATHS = NO;
				CLANG_ANALYZER_NONNULL = YES;
				CLANG_ANALYZER_NUMBER_OBJECT_CONVERSION = YES_AGGRESSIVE;
				CLANG_CXX_LANGUAGE_STANDARD = "gnu++14";
				CLANG_CXX_LIBRARY = "libc++";
				CLANG_ENABLE_MODULES = YES;
				CLANG_ENABLE_OBJC_ARC = YES;
				CLANG_ENABLE_OBJC_WEAK = YES;
				CLANG_WARN_BLOCK_CAPTURE_AUTORELEASING = YES;
				CLANG_WARN_BOOL_CONVERSION = YES;
				CLANG_WARN_COMMA = YES;
				CLANG_WARN_CONSTANT_CONVERSION = YES;
				CLANG_WARN_DEPRECATED_OBJC_IMPLEMENTATIONS = YES;
				CLANG_WARN_DIRECT_OBJC_ISA_USAGE = YES_ERROR;
				CLANG_WARN_DOCUMENTATION_COMMENTS = YES;
				CLANG_WARN_EMPTY_BODY = YES;
				CLANG_WARN_ENUM_CONVERSION = YES;
				CLANG_WARN_INFINITE_RECURSION = YES;
				CLANG_WARN_INT_CONVERSION = YES;
				CLANG_WARN_NON_LITERAL_NULL_CONVERSION = YES;
				CLANG_WARN_OBJC_IMPLICIT_RETAIN_SELF = YES;
				CLANG_WARN_OBJC_LITERAL_CONVERSION = YES;
				CLANG_WARN_OBJC_ROOT_CLASS = YES_ERROR;
				CLANG_WARN_QUOTED_INCLUDE_IN_FRAMEWORK_HEADER = YES;
				CLANG_WARN_RANGE_LOOP_ANALYSIS = YES;
				CLANG_WARN_STRICT_PROTOTYPES = YES;
				CLANG_WARN_SUSPICIOUS_MOVE = YES;
				CLANG_WARN_UNGUARDED_AVAILABILITY = YES_AGGRESSIVE;
				CLANG_WARN_UNREACHABLE_CODE = YES;
				CLANG_WARN__DUPLICATE_METHOD_MATCH = YES;
				COPY_PHASE_STRIP = NO;
				DEBUG_INFORMATION_FORMAT = "dwarf-with-dsym";
				ENABLE_NS_ASSERTIONS = NO;
				ENABLE_STRICT_OBJC_MSGSEND = YES;
				GCC_C_LANGUAGE_STANDARD = gnu11;
				GCC_NO_COMMON_BLOCKS = YES;
				GCC_WARN_64_TO_32_BIT_CONVERSION = YES;
				GCC_WARN_ABOUT_RETURN_TYPE = YES_ERROR;
				GCC_WARN_UNDECLARED_SELECTOR = YES;
				GCC_WARN_UNINITIALIZED_AUTOS = YES_AGGRESSIVE;
				GCC_WARN_UNUSED_FUNCTION = YES;
				GCC_WARN_UNUSED_VARIABLE = YES;
				IPHONEOS_DEPLOYMENT_TARGET = 14.4;
				MTL_ENABLE_DEBUG_INFO = NO;
				MTL_FAST_MATH = YES;
				SDKROOT = iphoneos;
				SWIFT_COMPILATION_MODE = wholemodule;
				SWIFT_OPTIMIZATION_LEVEL = "-O";
				VALIDATE_PRODUCT = YES;
			};
			name = Release;
		};
		060EDF27261CDB7900294A11 /* Debug */ = {
			isa = XCBuildConfiguration;
			buildSettings = {
				ASSETCATALOG_COMPILER_APPICON_NAME = AppIcon;
				ASSETCATALOG_COMPILER_GLOBAL_ACCENT_COLOR_NAME = AccentColor;
				CODE_SIGN_STYLE = Automatic;
				DEVELOPMENT_TEAM = Z79F9P9792;
				INFOPLIST_FILE = StanfordConcentrationGame/Info.plist;
				LD_RUNPATH_SEARCH_PATHS = (
					"$(inherited)",
					"@executable_path/Frameworks",
				);
				PRODUCT_BUNDLE_IDENTIFIER = antonabbasov.StanfordConcentrationGame;
				PRODUCT_NAME = "$(TARGET_NAME)";
				SWIFT_VERSION = 5.0;
				TARGETED_DEVICE_FAMILY = "1,2";
			};
			name = Debug;
		};
		060EDF28261CDB7900294A11 /* Release */ = {
			isa = XCBuildConfiguration;
			buildSettings = {
				ASSETCATALOG_COMPILER_APPICON_NAME = AppIcon;
				ASSETCATALOG_COMPILER_GLOBAL_ACCENT_COLOR_NAME = AccentColor;
				CODE_SIGN_STYLE = Automatic;
				DEVELOPMENT_TEAM = Z79F9P9792;
				INFOPLIST_FILE = StanfordConcentrationGame/Info.plist;
				LD_RUNPATH_SEARCH_PATHS = (
					"$(inherited)",
					"@executable_path/Frameworks",
				);
				PRODUCT_BUNDLE_IDENTIFIER = antonabbasov.StanfordConcentrationGame;
				PRODUCT_NAME = "$(TARGET_NAME)";
				SWIFT_VERSION = 5.0;
				TARGETED_DEVICE_FAMILY = "1,2";
			};
			name = Release;
		};
/* End XCBuildConfiguration section */

/* Begin XCConfigurationList section */
		060EDF0D261CDB7700294A11 /* Build configuration list for PBXProject "StanfordConcentrationGame" */ = {
			isa = XCConfigurationList;
			buildConfigurations = (
				060EDF24261CDB7900294A11 /* Debug */,
				060EDF25261CDB7900294A11 /* Release */,
			);
			defaultConfigurationIsVisible = 0;
			defaultConfigurationName = Release;
		};
		060EDF26261CDB7900294A11 /* Build configuration list for PBXNativeTarget "StanfordConcentrationGame" */ = {
			isa = XCConfigurationList;
			buildConfigurations = (
				060EDF27261CDB7900294A11 /* Debug */,
				060EDF28261CDB7900294A11 /* Release */,
			);
			defaultConfigurationIsVisible = 0;
			defaultConfigurationName = Release;
		};
/* End XCConfigurationList section */
	};
	rootObject = 060EDF0A261CDB7700294A11 /* Project object */;
}
